{
  "name": "jss",
  "version": "1.0.0",
  "lockfileVersion": 2,
  "requires": true,
  "packages": {
    "": {
      "name": "jss",
      "version": "1.0.0",
      "license": "ISC",
      "dependencies": {
        "js-tools": "file:../js-tools",
        "ro": "file:../ReactiveObject"
      },
      "devDependencies": {
        "server": "file:../server"
      }
    },
    "../js-tools": {
      "version": "1.0.0",
      "license": "ISC"
    },
    "../ReactiveObject": {
      "version": "1.0.0",
      "license": "ISC",
      "dependencies": {
        "js-tools": "file:../js-tools"
      },
      "devDependencies": {
        "ava": "^4.3.1"
      }
    },
    "../server": {
      "version": "1.0.0",
      "dev": true,
      "license": "ISC",
      "dependencies": {
        "html-minifier-terser": "^7.0.0-alpha.2",
        "js-bundler": "file:../js-bundler",
        "js-tools": "file:../js-tools",
        "terser": "^5.10.0",
        "websocket": "^1.0.34"
      },
      "bin": {
        "run": "bin/start.js"
      }
    },
    "node_modules/js-tools": {
      "resolved": "../js-tools",
      "link": true
    },
    "node_modules/ro": {
      "resolved": "../ReactiveObject",
      "link": true
    },
    "node_modules/server": {
      "resolved": "../server",
      "link": true
    }
  },
  "dependencies": {
    "js-tools": {
      "version": "file:../js-tools"
    },
    "ro": {
      "version": "file:../ReactiveObject",
      "requires": {
        "ava": "^4.3.1",
        "js-tools": "file:../js-tools"
      }
    },
    "server": {
      "version": "file:../server",
      "requires": {
        "html-minifier-terser": "^7.0.0-alpha.2",
        "js-bundler": "file:../js-bundler",
        "js-tools": "file:../js-tools",
        "terser": "^5.10.0",
        "websocket": "^1.0.34"
      }
    }
  }
}
